// !$*UTF8*$!
{
	archiveVersion = 1;
	classes = {
	};
	objectVersion = 77;
	objects = {

/* Begin PBXBuildFile section */
		311FC5D2C1E4C68AF13DCE41 /* LocalOCRStudioKit in Frameworks */ = {isa = PBXBuildFile; productRef = 20F71502FDCAB41B5D9E092E /* LocalOCRStudioKit */; };
		85EFFB56E1EC2494D085AF88 /* LocalOCRStudioUITests.swift in Sources */ = {isa = PBXBuildFile; fileRef = 440F32466F2B88C6C5495D73 /* LocalOCRStudioUITests.swift */; };
		9EEE1C1217CE5D622BD5FA17 /* LocalOCRStudioApp.swift in Sources */ = {isa = PBXBuildFile; fileRef = 81AD275C815A6814A01B4629 /* LocalOCRStudioApp.swift */; };
		BF5A8C8BD190D68B7A6F268D /* LocalOCRStudioUITestSupport.swift in Sources */ = {isa = PBXBuildFile; fileRef = CD99EEC3E460E29A91D78996 /* LocalOCRStudioUITestSupport.swift */; };
		C292F7221C022AB5EA695F19 /* Assets.xcassets in Resources */ = {isa = PBXBuildFile; fileRef = 0A32EACFE0C14DF0DC088F0C /* Assets.xcassets */; };
/* End PBXBuildFile section */

/* Begin PBXContainerItemProxy section */
		42950E3A7E4E6ABDE7AFAA0E /* PBXContainerItemProxy */ = {
			isa = PBXContainerItemProxy;
			containerPortal = 18A8A5DB5F6BA05026ECAA48 /* Project object */;
			proxyType = 1;
			remoteGlobalIDString = 6C067BAE30E81DE1EA432985;
			remoteInfo = "LocalOCR Studio";
		};
/* End PBXContainerItemProxy section */

/* Begin PBXFileReference section */
		0A32EACFE0C14DF0DC088F0C /* Assets.xcassets */ = {isa = PBXFileReference; lastKnownFileType = folder.assetcatalog; path = Assets.xcassets; sourceTree = "<group>"; };
		3DC1F28B20AE533FF8CAA0C3 /* LocalOCR StudioUITests.xctest */ = {isa = PBXFileReference; explicitFileType = wrapper.cfbundle; includeInIndex = 0; path = "LocalOCR StudioUITests.xctest"; sourceTree = BUILT_PRODUCTS_DIR; };
		440F32466F2B88C6C5495D73 /* LocalOCRStudioUITests.swift */ = {isa = PBXFileReference; lastKnownFileType = sourcecode.swift; path = LocalOCRStudioUITests.swift; sourceTree = "<group>"; };
		81AD275C815A6814A01B4629 /* LocalOCRStudioApp.swift */ = {isa = PBXFileReference; lastKnownFileType = sourcecode.swift; path = LocalOCRStudioApp.swift; sourceTree = "<group>"; };
		CD99EEC3E460E29A91D78996 /* LocalOCRStudioUITestSupport.swift */ = {isa = PBXFileReference; lastKnownFileType = sourcecode.swift; path = LocalOCRStudioUITestSupport.swift; sourceTree = "<group>"; };
		DEB2E21326492ED48D82364F /* LocalOCR Studio.app */ = {isa = PBXFileReference; explicitFileType = wrapper.application; includeInIndex = 0; path = "LocalOCR Studio.app"; sourceTree = BUILT_PRODUCTS_DIR; };
		E3C5E5ECE9D20414A98E0880 /* desktop-batch-beta2 */ = {isa = PBXFileReference; lastKnownFileType = folder; name = "desktop-batch-beta2"; path = .; sourceTree = SOURCE_ROOT; };
/* End PBXFileReference section */

/* Begin PBXFrameworksBuildPhase section */
		EE6BEC8BEF39B5C367F21BED /* Frameworks */ = {
			isa = PBXFrameworksBuildPhase;
			buildActionMask = 2147483647;
			files = (
				311FC5D2C1E4C68AF13DCE41 /* LocalOCRStudioKit in Frameworks */,
			);
			runOnlyForDeploymentPostprocessing = 0;
		};
/* End PBXFrameworksBuildPhase section */

/* Begin PBXGroup section */
		35F810F381F458335EC5D1CB /* Packages */ = {
			isa = PBXGroup;
			children = (
				E3C5E5ECE9D20414A98E0880 /* desktop-batch-beta2 */,
			);
			name = Packages;
			sourceTree = "<group>";
		};
		3EE57A783E694D413555F8C5 /* Products */ = {
			isa = PBXGroup;
			children = (
				DEB2E21326492ED48D82364F /* LocalOCR Studio.app */,
				3DC1F28B20AE533FF8CAA0C3 /* LocalOCR StudioUITests.xctest */,
			);
			name = Products;
			sourceTree = "<group>";
		};
		91AB81781B0EB30AABE825D7 /* AppUITests */ = {
			isa = PBXGroup;
			children = (
				440F32466F2B88C6C5495D73 /* LocalOCRStudioUITests.swift */,
			);
			path = AppUITests;
			sourceTree = "<group>";
		};
		D5AA6E59D2D727823E78C396 /* App */ = {
			isa = PBXGroup;
			children = (
				0A32EACFE0C14DF0DC088F0C /* Assets.xcassets */,
				81AD275C815A6814A01B4629 /* LocalOCRStudioApp.swift */,
				CD99EEC3E460E29A91D78996 /* LocalOCRStudioUITestSupport.swift */,
			);
			path = App;
			sourceTree = "<group>";
		};
		F897D983A60391021A911904 = {
			isa = PBXGroup;
			children = (
				D5AA6E59D2D727823E78C396 /* App */,
				91AB81781B0EB30AABE825D7 /* AppUITests */,
				35F810F381F458335EC5D1CB /* Packages */,
				3EE57A783E694D413555F8C5 /* Products */,
			);
			sourceTree = "<group>";
		};
/* End PBXGroup section */

/* Begin PBXNativeTarget section */
		3FC67834E0F0BF9B8172B5F7 /* LocalOCR StudioUITests */ = {
			isa = PBXNativeTarget;
			buildConfigurationList = 2E02BD5C64B0A7B1328BD602 /* Build configuration list for PBXNativeTarget "LocalOCR StudioUITests" */;
			buildPhases = (
				47E6C6ADB8DF58C2A8F02D4A /* Sources */,
			);
			buildRules = (
			);
			dependencies = (
				68303C730A35491FD0EB9BDB /* PBXTargetDependency */,
			);
			name = "LocalOCR StudioUITests";
			packageProductDependencies = (
			);
			productName = "LocalOCR StudioUITests";
			productReference = 3DC1F28B20AE533FF8CAA0C3 /* LocalOCR StudioUITests.xctest */;
			productType = "com.apple.product-type.bundle.ui-testing";
		};
		6C067BAE30E81DE1EA432985 /* LocalOCR Studio */ = {
			isa = PBXNativeTarget;
			buildConfigurationList = F3A8A84052C1B2C106B6E594 /* Build configuration list for PBXNativeTarget "LocalOCR Studio" */;
			buildPhases = (
				C2481108DF75BF07A5455A05 /* Sources */,
				7F6486117B65BCD34ADEEC48 /* Resources */,
				EE6BEC8BEF39B5C367F21BED /* Frameworks */,
			);
			buildRules = (
			);
			dependencies = (
			);
			name = "LocalOCR Studio";
			packageProductDependencies = (
				20F71502FDCAB41B5D9E092E /* LocalOCRStudioKit */,
			);
			productName = "LocalOCR Studio";
			productReference = DEB2E21326492ED48D82364F /* LocalOCR Studio.app */;
			productType = "com.apple.product-type.application";
		};
/* End PBXNativeTarget section */

/* Begin PBXProject section */
		18A8A5DB5F6BA05026ECAA48 /* Project object */ = {
			isa = PBXProject;
			attributes = {
				BuildIndependentTargetsInParallel = YES;
				LastUpgradeCheck = 1430;
				TargetAttributes = {
					3FC67834E0F0BF9B8172B5F7 = {
						TestTargetID = 6C067BAE30E81DE1EA432985;
					};
				};
			};
			buildConfigurationList = D8BE9A9A609BE5567970D5E0 /* Build configuration list for PBXProject "LocalOCR Studio" */;
			developmentRegion = en;
			hasScannedForEncodings = 0;
			knownRegions = (
				Base,
				en,
			);
			mainGroup = F897D983A60391021A911904;
			minimizedProjectReferenceProxies = 1;
			packageReferences = (
				A43E0408B5C0375435A72791 /* XCLocalSwiftPackageReference "." */,
			);
			preferredProjectObjectVersion = 77;
			productRefGroup = 3EE57A783E694D413555F8C5 /* Products */;
			projectDirPath = "";
			projectRoot = "";
			targets = (
				6C067BAE30E81DE1EA432985 /* LocalOCR Studio */,
				3FC67834E0F0BF9B8172B5F7 /* LocalOCR StudioUITests */,
			);
		};
/* End PBXProject section */

/* Begin PBXResourcesBuildPhase section */
		7F6486117B65BCD34ADEEC48 /* Resources */ = {
			isa = PBXResourcesBuildPhase;
			buildActionMask = 2147483647;
			files = (
				C292F7221C022AB5EA695F19 /* Assets.xcassets in Resources */,
			);
			runOnlyForDeploymentPostprocessing = 0;
		};
/* End PBXResourcesBuildPhase section */

/* Begin PBXSourcesBuildPhase section */
		47E6C6ADB8DF58C2A8F02D4A /* Sources */ = {
			isa = PBXSourcesBuildPhase;
			buildActionMask = 2147483647;
			files = (
				85EFFB56E1EC2494D085AF88 /* LocalOCRStudioUITests.swift in Sources */,
			);
			runOnlyForDeploymentPostprocessing = 0;
		};
		C2481108DF75BF07A5455A05 /* Sources */ = {
			isa = PBXSourcesBuildPhase;
			buildActionMask = 2147483647;
			files = (
				9EEE1C1217CE5D622BD5FA17 /* LocalOCRStudioApp.swift in Sources */,
				BF5A8C8BD190D68B7A6F268D /* LocalOCRStudioUITestSupport.swift in Sources */,
			);
			runOnlyForDeploymentPostprocessing = 0;
		};
/* End PBXSourcesBuildPhase section */

/* Begin PBXTargetDependency section */
		68303C730A35491FD0EB9BDB /* PBXTargetDependency */ = {
			isa = PBXTargetDependency;
			target = 6C067BAE30E81DE1EA432985 /* LocalOCR Studio */;
			targetProxy = 42950E3A7E4E6ABDE7AFAA0E /* PBXContainerItemProxy */;
		};
/* End PBXTargetDependency section */

/* Begin XCBuildConfiguration section */
		476D844A72413329AE867B2B /* Debug */ = {
			isa = XCBuildConfiguration;
			buildSettings = {
				ARCHS = arm64;
				ASSETCATALOG_COMPILER_APPICON_NAME = AppIcon;
				COMBINE_HIDPI_IMAGES = YES;
				CURRENT_PROJECT_VERSION = 2;
				ENABLE_HARDENED_RUNTIME = YES;
				GENERATE_INFOPLIST_FILE = YES;
				INFOPLIST_KEY_CFBundleDisplayName = "LocalOCR Studio";
				INFOPLIST_KEY_CFBundleIconName = AppIcon;
				INFOPLIST_KEY_LSApplicationCategoryType = "public.app-category.productivity";
				LD_RUNPATH_SEARCH_PATHS = (
					"$(inherited)",
					"@executable_path/../Frameworks",
				);
				MACOSX_DEPLOYMENT_TARGET = 14.0;
				MARKETING_VERSION = 0.3.0;
				PRODUCT_BUNDLE_IDENTIFIER = com.rayconsulting.localocr;
				PRODUCT_NAME = "LocalOCR Studio";
				SDKROOT = macosx;
				SWIFT_VERSION = 6.0;
			};
			name = Debug;
		};
		5E217295D4C987838FF989D2 /* Release */ = {
			isa = XCBuildConfiguration;
			buildSettings = {
				ALWAYS_SEARCH_USER_PATHS = NO;
				CLANG_ANALYZER_NONNULL = YES;
				CLANG_ANALYZER_NUMBER_OBJECT_CONVERSION = YES_AGGRESSIVE;
				CLANG_CXX_LANGUAGE_STANDARD = "gnu++14";
				CLANG_CXX_LIBRARY = "libc++";
				CLANG_ENABLE_MODULES = YES;
				CLANG_ENABLE_OBJC_ARC = YES;
				CLANG_ENABLE_OBJC_WEAK = YES;
				CLANG_WARN_BLOCK_CAPTURE_AUTORELEASING = YES;
				CLANG_WARN_BOOL_CONVERSION = YES;
				CLANG_WARN_COMMA = YES;
				CLANG_WARN_CONSTANT_CONVERSION = YES;
				CLANG_WARN_DEPRECATED_OBJC_IMPLEMENTATIONS = YES;
				CLANG_WARN_DIRECT_OBJC_ISA_USAGE = YES_ERROR;
				CLANG_WARN_DOCUMENTATION_COMMENTS = YES;
				CLANG_WARN_EMPTY_BODY = YES;
				CLANG_WARN_ENUM_CONVERSION = YES;
				CLANG_WARN_INFINITE_RECURSION = YES;
				CLANG_WARN_INT_CONVERSION = YES;
				CLANG_WARN_NON_LITERAL_NULL_CONVERSION = YES;
				CLANG_WARN_OBJC_IMPLICIT_RETAIN_SELF = YES;
				CLANG_WARN_OBJC_LITERAL_CONVERSION = YES;
				CLANG_WARN_OBJC_ROOT_CLASS = YES_ERROR;
				CLANG_WARN_QUOTED_INCLUDE_IN_FRAMEWORK_HEADER = YES;
				CLANG_WARN_RANGE_LOOP_ANALYSIS = YES;
				CLANG_WARN_STRICT_PROTOTYPES = YES;
				CLANG_WARN_SUSPICIOUS_MOVE = YES;
				CLANG_WARN_UNGUARDED_AVAILABILITY = YES_AGGRESSIVE;
				CLANG_WARN_UNREACHABLE_CODE = YES;
				CLANG_WARN__DUPLICATE_METHOD_MATCH = YES;
				COPY_PHASE_STRIP = NO;
				DEBUG_INFORMATION_FORMAT = "dwarf-with-dsym";
				ENABLE_NS_ASSERTIONS = NO;
				ENABLE_STRICT_OBJC_MSGSEND = YES;
				GCC_C_LANGUAGE_STANDARD = gnu11;
				GCC_NO_COMMON_BLOCKS = YES;
				GCC_WARN_64_TO_32_BIT_CONVERSION = YES;
				GCC_WARN_ABOUT_RETURN_TYPE = YES_ERROR;
				GCC_WARN_UNDECLARED_SELECTOR = YES;
				GCC_WARN_UNINITIALIZED_AUTOS = YES_AGGRESSIVE;
				GCC_WARN_UNUSED_FUNCTION = YES;
				GCC_WARN_UNUSED_VARIABLE = YES;
				MACOSX_DEPLOYMENT_TARGET = 14.0;
				MTL_ENABLE_DEBUG_INFO = NO;
				MTL_FAST_MATH = YES;
				PRODUCT_NAME = "$(TARGET_NAME)";
				SDKROOT = macosx;
				SWIFT_COMPILATION_MODE = wholemodule;
				SWIFT_OPTIMIZATION_LEVEL = "-O";
				SWIFT_VERSION = 5.0;
			};
			name = Release;
		};
		841DE226C7AC7D97CDE479C9 /* Release */ = {
			isa = XCBuildConfiguration;
			buildSettings = {
				ARCHS = arm64;
				ASSETCATALOG_COMPILER_APPICON_NAME = AppIcon;
				COMBINE_HIDPI_IMAGES = YES;
				CURRENT_PROJECT_VERSION = 2;
				ENABLE_HARDENED_RUNTIME = YES;
				GENERATE_INFOPLIST_FILE = YES;
				INFOPLIST_KEY_CFBundleDisplayName = "LocalOCR Studio";
				INFOPLIST_KEY_CFBundleIconName = AppIcon;
				INFOPLIST_KEY_LSApplicationCategoryType = "public.app-category.productivity";
				LD_RUNPATH_SEARCH_PATHS = (
					"$(inherited)",
					"@executable_path/../Frameworks",
				);
				MACOSX_DEPLOYMENT_TARGET = 14.0;
				MARKETING_VERSION = 0.3.0;
				PRODUCT_BUNDLE_IDENTIFIER = com.rayconsulting.localocr;
				PRODUCT_NAME = "LocalOCR Studio";
				SDKROOT = macosx;
				SWIFT_VERSION = 6.0;
			};
			name = Release;
		};
		9C01FC8CF92F23E4A52D4F03 /* Debug */ = {
			isa = XCBuildConfiguration;
			buildSettings = {
				BUNDLE_LOADER = "$(TEST_HOST)";
				COMBINE_HIDPI_IMAGES = YES;
				GENERATE_INFOPLIST_FILE = YES;
				LD_RUNPATH_SEARCH_PATHS = (
					"$(inherited)",
					"@executable_path/Frameworks",
					"@loader_path/Frameworks",
				);
				SDKROOT = macosx;
				TEST_TARGET_NAME = "LocalOCR Studio";
			};
			name = Debug;
		};
		BB71FF202CA39CC42CF01D56 /* Debug */ = {
			isa = XCBuildConfiguration;
			buildSettings = {
				ALWAYS_SEARCH_USER_PATHS = NO;
				CLANG_ANALYZER_NONNULL = YES;
				CLANG_ANALYZER_NUMBER_OBJECT_CONVERSION = YES_AGGRESSIVE;
				CLANG_CXX_LANGUAGE_STANDARD = "gnu++14";
				CLANG_CXX_LIBRARY = "libc++";
				CLANG_ENABLE_MODULES = YES;
				CLANG_ENABLE_OBJC_ARC = YES;
				CLANG_ENABLE_OBJC_WEAK = YES;
				CLANG_WARN_BLOCK_CAPTURE_AUTORELEASING = YES;
				CLANG_WARN_BOOL_CONVERSION = YES;
				CLANG_WARN_COMMA = YES;
				CLANG_WARN_CONSTANT_CONVERSION = YES;
				CLANG_WARN_DEPRECATED_OBJC_IMPLEMENTATIONS = YES;
				CLANG_WARN_DIRECT_OBJC_ISA_USAGE = YES_ERROR;
				CLANG_WARN_DOCUMENTATION_COMMENTS = YES;
				CLANG_WARN_EMPTY_BODY = YES;
				CLANG_WARN_ENUM_CONVERSION = YES;
				CLANG_WARN_INFINITE_RECURSION = YES;
				CLANG_WARN_INT_CONVERSION = YES;
				CLANG_WARN_NON_LITERAL_NULL_CONVERSION = YES;
				CLANG_WARN_OBJC_IMPLICIT_RETAIN_SELF = YES;
				CLANG_WARN_OBJC_LITERAL_CONVERSION = YES;
				CLANG_WARN_OBJC_ROOT_CLASS = YES_ERROR;
				CLANG_WARN_QUOTED_INCLUDE_IN_FRAMEWORK_HEADER = YES;
				CLANG_WARN_RANGE_LOOP_ANALYSIS = YES;
				CLANG_WARN_STRICT_PROTOTYPES = YES;
				CLANG_WARN_SUSPICIOUS_MOVE = YES;
				CLANG_WARN_UNGUARDED_AVAILABILITY = YES_AGGRESSIVE;
				CLANG_WARN_UNREACHABLE_CODE = YES;
				CLANG_WARN__DUPLICATE_METHOD_MATCH = YES;
				COPY_PHASE_STRIP = NO;
				DEBUG_INFORMATION_FORMAT = dwarf;
				ENABLE_STRICT_OBJC_MSGSEND = YES;
				ENABLE_TESTABILITY = YES;
				GCC_C_LANGUAGE_STANDARD = gnu11;
				GCC_DYNAMIC_NO_PIC = NO;
				GCC_NO_COMMON_BLOCKS = YES;
				GCC_OPTIMIZATION_LEVEL = 0;
				GCC_PREPROCESSOR_DEFINITIONS = (
					"$(inherited)",
					"DEBUG=1",
				);
				GCC_WARN_64_TO_32_BIT_CONVERSION = YES;
				GCC_WARN_ABOUT_RETURN_TYPE = YES_ERROR;
				GCC_WARN_UNDECLARED_SELECTOR = YES;
				GCC_WARN_UNINITIALIZED_AUTOS = YES_AGGRESSIVE;
				GCC_WARN_UNUSED_FUNCTION = YES;
				GCC_WARN_UNUSED_VARIABLE = YES;
				MACOSX_DEPLOYMENT_TARGET = 14.0;
				MTL_ENABLE_DEBUG_INFO = INCLUDE_SOURCE;
				MTL_FAST_MATH = YES;
				ONLY_ACTIVE_ARCH = YES;
				PRODUCT_NAME = "$(TARGET_NAME)";
				SDKROOT = macosx;
				SWIFT_ACTIVE_COMPILATION_CONDITIONS = DEBUG;
				SWIFT_OPTIMIZATION_LEVEL = "-Onone";
				SWIFT_VERSION = 5.0;
			};
			name = Debug;
		};
		C3B266F1D6D6BB69E6FDDB5E /* Release */ = {
			isa = XCBuildConfiguration;
			buildSettings = {
				BUNDLE_LOADER = "$(TEST_HOST)";
				COMBINE_HIDPI_IMAGES = YES;
				GENERATE_INFOPLIST_FILE = YES;
				LD_RUNPATH_SEARCH_PATHS = (
					"$(inherited)",
					"@executable_path/Frameworks",
					"@loader_path/Frameworks",
				);
				SDKROOT = macosx;
				TEST_TARGET_NAME = "LocalOCR Studio";
			};
			name = Release;
		};
/* End XCBuildConfiguration section */

/* Begin XCConfigurationList section */
		2E02BD5C64B0A7B1328BD602 /* Build configuration list for PBXNativeTarget "LocalOCR StudioUITests" */ = {
			isa = XCConfigurationList;
			buildConfigurations = (
				9C01FC8CF92F23E4A52D4F03 /* Debug */,
				C3B266F1D6D6BB69E6FDDB5E /* Release */,
			);
			defaultConfigurationIsVisible = 0;
			defaultConfigurationName = Debug;
		};
		D8BE9A9A609BE5567970D5E0 /* Build configuration list for PBXProject "LocalOCR Studio" */ = {
			isa = XCConfigurationList;
			buildConfigurations = (
				BB71FF202CA39CC42CF01D56 /* Debug */,
				5E217295D4C987838FF989D2 /* Release */,
			);
			defaultConfigurationIsVisible = 0;
			defaultConfigurationName = Debug;
		};
		F3A8A84052C1B2C106B6E594 /* Build configuration list for PBXNativeTarget "LocalOCR Studio" */ = {
			isa = XCConfigurationList;
			buildConfigurations = (
				476D844A72413329AE867B2B /* Debug */,
				841DE226C7AC7D97CDE479C9 /* Release */,
			);
			defaultConfigurationIsVisible = 0;
			defaultConfigurationName = Debug;
		};
/* End XCConfigurationList section */

/* Begin XCLocalSwiftPackageReference section */
		A43E0408B5C0375435A72791 /* XCLocalSwiftPackageReference "." */ = {
			isa = XCLocalSwiftPackageReference;
			relativePath = .;
		};
/* End XCLocalSwiftPackageReference section */

/* Begin XCSwiftPackageProductDependency section */
		20F71502FDCAB41B5D9E092E /* LocalOCRStudioKit */ = {
			isa = XCSwiftPackageProductDependency;
			productName = LocalOCRStudioKit;
		};
/* End XCSwiftPackageProductDependency section */
	};
	rootObject = 18A8A5DB5F6BA05026ECAA48 /* Project object */;
}
